// !$*UTF8*$!
{
	archiveVersion = 1;
	classes = {
	};
	objectVersion = 46;
	objects = {

/* Begin PBXBuildFile section */
		50C227EA1CFAAA5800E631E4 /* AppDelegate.swift in Sources */ = {isa = PBXBuildFile; fileRef = 50C227E91CFAAA5800E631E4 /* AppDelegate.swift */; };
		50C227EC1CFAAA5800E631E4 /* ViewController.swift in Sources */ = {isa = PBXBuildFile; fileRef = 50C227EB1CFAAA5800E631E4 /* ViewController.swift */; };
		50C227EF1CFAAA5800E631E4 /* Main.storyboard in Resources */ = {isa = PBXBuildFile; fileRef = 50C227ED1CFAAA5800E631E4 /* Main.storyboard */; };
		50C227F11CFAAA5800E631E4 /* Assets.xcassets in Resources */ = {isa = PBXBuildFile; fileRef = 50C227F01CFAAA5800E631E4 /* Assets.xcassets */; };
		50C227F41CFAAA5800E631E4 /* LaunchScreen.storyboard in Resources */ = {isa = PBXBuildFile; fileRef = 50C227F21CFAAA5800E631E4 /* LaunchScreen.storyboard */; };
		50C227FF1CFAAA5800E631E4 /* PruebaGitTests.swift in Sources */ = {isa = PBXBuildFile; fileRef = 50C227FE1CFAAA5800E631E4 /* PruebaGitTests.swift */; };
		50C2280A1CFAAA5800E631E4 /* PruebaGitUITests.swift in Sources */ = {isa = PBXBuildFile; fileRef = 50C228091CFAAA5800E631E4 /* PruebaGitUITests.swift */; };
/* End PBXBuildFile section */

/* Begin PBXContainerItemProxy section */
		50C227FB1CFAAA5800E631E4 /* PBXContainerItemProxy */ = {
			isa = PBXContainerItemProxy;
			containerPortal = 50C227DE1CFAAA5700E631E4 /* Project object */;
			proxyType = 1;
			remoteGlobalIDString = 50C227E51CFAAA5700E631E4;
			remoteInfo = PruebaGit;
		};
		50C228061CFAAA5800E631E4 /* PBXContainerItemProxy */ = {
			isa = PBXContainerItemProxy;
			containerPortal = 50C227DE1CFAAA5700E631E4 /* Project object */;
			proxyType = 1;
			remoteGlobalIDString = 50C227E51CFAAA5700E631E4;
			remoteInfo = PruebaGit;
		};
/* End PBXContainerItemProxy section */

/* Begin PBXFileReference section */
		50C227E61CFAAA5800E631E4 /* PruebaGit.app */ = {isa = PBXFileReference; explicitFileType = wrapper.application; includeInIndex = 0; path = PruebaGit.app; sourceTree = BUILT_PRODUCTS_DIR; };
		50C227E91CFAAA5800E631E4 /* AppDelegate.swift */ = {isa = PBXFileReference; lastKnownFileType = sourcecode.swift; path = AppDelegate.swift; sourceTree = "<group>"; };
		50C227EB1CFAAA5800E631E4 /* ViewController.swift */ = {isa = PBXFileReference; lastKnownFileType = sourcecode.swift; path = ViewController.swift; sourceTree = "<group>"; };
		50C227EE1CFAAA5800E631E4 /* Base */ = {isa = PBXFileReference; lastKnownFileType = file.storyboard; name = Base; path = Base.lproj/Main.storyboard; sourceTree = "<group>"; };
		50C227F01CFAAA5800E631E4 /* Assets.xcassets */ = {isa = PBXFileReference; lastKnownFileType = folder.assetcatalog; path = Assets.xcassets; sourceTree = "<group>"; };
		50C227F31CFAAA5800E631E4 /* Base */ = {isa = PBXFileReference; lastKnownFileType = file.storyboard; name = Base; path = Base.lproj/LaunchScreen.storyboard; sourceTree = "<group>"; };
		50C227F51CFAAA5800E631E4 /* Info.plist */ = {isa = PBXFileReference; lastKnownFileType = text.plist.xml; path = Info.plist; sourceTree = "<group>"; };
		50C227FA1CFAAA5800E631E4 /* PruebaGitTests.xctest */ = {isa = PBXFileReference; explicitFileType = wrapper.cfbundle; includeInIndex = 0; path = PruebaGitTests.xctest; sourceTree = BUILT_PRODUCTS_DIR; };
		50C227FE1CFAAA5800E631E4 /* PruebaGitTests.swift */ = {isa = PBXFileReference; lastKnownFileType = sourcecode.swift; path = PruebaGitTests.swift; sourceTree = "<group>"; };
		50C228001CFAAA5800E631E4 /* Info.plist */ = {isa = PBXFileReference; lastKnownFileType = text.plist.xml; path = Info.plist; sourceTree = "<group>"; };
		50C228051CFAAA5800E631E4 /* PruebaGitUITests.xctest */ = {isa = PBXFileReference; explicitFileType = wrapper.cfbundle; includeInIndex = 0; path = PruebaGitUITests.xctest; sourceTree = BUILT_PRODUCTS_DIR; };
		50C228091CFAAA5800E631E4 /* PruebaGitUITests.swift */ = {isa = PBXFileReference; lastKnownFileType = sourcecode.swift; path = PruebaGitUITests.swift; sourceTree = "<group>"; };
		50C2280B1CFAAA5800E631E4 /* Info.plist */ = {isa = PBXFileReference; lastKnownFileType = text.plist.xml; path = Info.plist; sourceTree = "<group>"; };
/* End PBXFileReference section */

/* Begin PBXFrameworksBuildPhase section */
		50C227E31CFAAA5700E631E4 /* Frameworks */ = {
			isa = PBXFrameworksBuildPhase;
			buildActionMask = 2147483647;
			files = (
			);
			runOnlyForDeploymentPostprocessing = 0;
		};
		50C227F71CFAAA5800E631E4 /* Frameworks */ = {
			isa = PBXFrameworksBuildPhase;
			buildActionMask = 2147483647;
			files = (
			);
			runOnlyForDeploymentPostprocessing = 0;
		};
		50C228021CFAAA5800E631E4 /* Frameworks */ = {
			isa = PBXFrameworksBuildPhase;
			buildActionMask = 2147483647;
			files = (
			);
			runOnlyForDeploymentPostprocessing = 0;
		};
/* End PBXFrameworksBuildPhase section */

/* Begin PBXGroup section */
		50C227DD1CFAAA5700E631E4 = {
			isa = PBXGroup;
			children = (
				50C227E81CFAAA5800E631E4 /* PruebaGit */,
				50C227FD1CFAAA5800E631E4 /* PruebaGitTests */,
				50C228081CFAAA5800E631E4 /* PruebaGitUITests */,
				50C227E71CFAAA5800E631E4 /* Products */,
			);
			sourceTree = "<group>";
		};
		50C227E71CFAAA5800E631E4 /* Products */ = {
			isa = PBXGroup;
			children = (
				50C227E61CFAAA5800E631E4 /* PruebaGit.app */,
				50C227FA1CFAAA5800E631E4 /* PruebaGitTests.xctest */,
				50C228051CFAAA5800E631E4 /* PruebaGitUITests.xctest */,
			);
			name = Products;
			sourceTree = "<group>";
		};
		50C227E81CFAAA5800E631E4 /* PruebaGit */ = {
			isa = PBXGroup;
			children = (
				50C227E91CFAAA5800E631E4 /* AppDelegate.swift */,
				50C227EB1CFAAA5800E631E4 /* ViewController.swift */,
				50C227ED1CFAAA5800E631E4 /* Main.storyboard */,
				50C227F01CFAAA5800E631E4 /* Assets.xcassets */,
				50C227F21CFAAA5800E631E4 /* LaunchScreen.storyboard */,
				50C227F51CFAAA5800E631E4 /* Info.plist */,
			);
			path = PruebaGit;
			sourceTree = "<group>";
		};
		50C227FD1CFAAA5800E631E4 /* PruebaGitTests */ = {
			isa = PBXGroup;
			children = (
				50C227FE1CFAAA5800E631E4 /* PruebaGitTests.swift */,
				50C228001CFAAA5800E631E4 /* Info.plist */,
			);
			path = PruebaGitTests;
			sourceTree = "<group>";
		};
		50C228081CFAAA5800E631E4 /* PruebaGitUITests */ = {
			isa = PBXGroup;
			children = (
				50C228091CFAAA5800E631E4 /* PruebaGitUITests.swift */,
				50C2280B1CFAAA5800E631E4 /* Info.plist */,
			);
			path = PruebaGitUITests;
			sourceTree = "<group>";
		};
/* End PBXGroup section */

/* Begin PBXNativeTarget section */
		50C227E51CFAAA5700E631E4 /* PruebaGit */ = {
			isa = PBXNativeTarget;
			buildConfigurationList = 50C2280E1CFAAA5800E631E4 /* Build configuration list for PBXNativeTarget "PruebaGit" */;
			buildPhases = (
				50C227E21CFAAA5700E631E4 /* Sources */,
				50C227E31CFAAA5700E631E4 /* Frameworks */,
				50C227E41CFAAA5700E631E4 /* Resources */,
			);
			buildRules = (
			);
			dependencies = (
			);
			name = PruebaGit;
			productName = PruebaGit;
			productReference = 50C227E61CFAAA5800E631E4 /* PruebaGit.app */;
			productType = "com.apple.product-type.application";
		};
		50C227F91CFAAA5800E631E4 /* PruebaGitTests */ = {
			isa = PBXNativeTarget;
			buildConfigurationList = 50C228111CFAAA5800E631E4 /* Build configuration list for PBXNativeTarget "PruebaGitTests" */;
			buildPhases = (
				50C227F61CFAAA5800E631E4 /* Sources */,
				50C227F71CFAAA5800E631E4 /* Frameworks */,
				50C227F81CFAAA5800E631E4 /* Resources */,
			);
			buildRules = (
			);
			dependencies = (
				50C227FC1CFAAA5800E631E4 /* PBXTargetDependency */,
			);
			name = PruebaGitTests;
			productName = PruebaGitTests;
			productReference = 50C227FA1CFAAA5800E631E4 /* PruebaGitTests.xctest */;
			productType = "com.apple.product-type.bundle.unit-test";
		};
		50C228041CFAAA5800E631E4 /* PruebaGitUITests */ = {
			isa = PBXNativeTarget;
			buildConfigurationList = 50C228141CFAAA5800E631E4 /* Build configuration list for PBXNativeTarget "PruebaGitUITests" */;
			buildPhases = (
				50C228011CFAAA5800E631E4 /* Sources */,
				50C228021CFAAA5800E631E4 /* Frameworks */,
				50C228031CFAAA5800E631E4 /* Resources */,
			);
			buildRules = (
			);
			dependencies = (
				50C228071CFAAA5800E631E4 /* PBXTargetDependency */,
			);
			name = PruebaGitUITests;
			productName = PruebaGitUITests;
			productReference = 50C228051CFAAA5800E631E4 /* PruebaGitUITests.xctest */;
			productType = "com.apple.product-type.bundle.ui-testing";
		};
/* End PBXNativeTarget section */

/* Begin PBXProject section */
		50C227DE1CFAAA5700E631E4 /* Project object */ = {
			isa = PBXProject;
			attributes = {
				LastSwiftUpdateCheck = 0720;
				LastUpgradeCheck = 0720;
				ORGANIZATIONNAME = adm;
				TargetAttributes = {
					50C227E51CFAAA5700E631E4 = {
						CreatedOnToolsVersion = 7.2.1;
					};
					50C227F91CFAAA5800E631E4 = {
						CreatedOnToolsVersion = 7.2.1;
						TestTargetID = 50C227E51CFAAA5700E631E4;
					};
					50C228041CFAAA5800E631E4 = {
						CreatedOnToolsVersion = 7.2.1;
						TestTargetID = 50C227E51CFAAA5700E631E4;
					};
				};
			};
			buildConfigurationList = 50C227E11CFAAA5700E631E4 /* Build configuration list for PBXProject "PruebaGit" */;
			compatibilityVersion = "Xcode 3.2";
			developmentRegion = English;
			hasScannedForEncodings = 0;
			knownRegions = (
				en,
				Base,
			);
			mainGroup = 50C227DD1CFAAA5700E631E4;
			productRefGroup = 50C227E71CFAAA5800E631E4 /* Products */;
			projectDirPath = "";
			projectRoot = "";
			targets = (
				50C227E51CFAAA5700E631E4 /* PruebaGit */,
				50C227F91CFAAA5800E631E4 /* PruebaGitTests */,
				50C228041CFAAA5800E631E4 /* PruebaGitUITests */,
			);
		};
/* End PBXProject section */

/* Begin PBXResourcesBuildPhase section */
		50C227E41CFAAA5700E631E4 /* Resources */ = {
			isa = PBXResourcesBuildPhase;
			buildActionMask = 2147483647;
			files = (
				50C227F41CFAAA5800E631E4 /* LaunchScreen.storyboard in Resources */,
				50C227F11CFAAA5800E631E4 /* Assets.xcassets in Resources */,
				50C227EF1CFAAA5800E631E4 /* Main.storyboard in Resources */,
			);
			runOnlyForDeploymentPostprocessing = 0;
		};
		50C227F81CFAAA5800E631E4 /* Resources */ = {
			isa = PBXResourcesBuildPhase;
			buildActionMask = 2147483647;
			files = (
			);
			runOnlyForDeploymentPostprocessing = 0;
		};
		50C228031CFAAA5800E631E4 /* Resources */ = {
			isa = PBXResourcesBuildPhase;
			buildActionMask = 2147483647;
			files = (
			);
			runOnlyForDeploymentPostprocessing = 0;
		};
/* End PBXResourcesBuildPhase section */

/* Begin PBXSourcesBuildPhase section */
		50C227E21CFAAA5700E631E4 /* Sources */ = {
			isa = PBXSourcesBuildPhase;
			buildActionMask = 2147483647;
			files = (
				50C227EC1CFAAA5800E631E4 /* ViewController.swift in Sources */,
				50C227EA1CFAAA5800E631E4 /* AppDelegate.swift in Sources */,
			);
			runOnlyForDeploymentPostprocessing = 0;
		};
		50C227F61CFAAA5800E631E4 /* Sources */ = {
			isa = PBXSourcesBuildPhase;
			buildActionMask = 2147483647;
			files = (
				50C227FF1CFAAA5800E631E4 /* PruebaGitTests.swift in Sources */,
			);
			runOnlyForDeploymentPostprocessing = 0;
		};
		50C228011CFAAA5800E631E4 /* Sources */ = {
			isa = PBXSourcesBuildPhase;
			buildActionMask = 2147483647;
			files = (
				50C2280A1CFAAA5800E631E4 /* PruebaGitUITests.swift in Sources */,
			);
			runOnlyForDeploymentPostprocessing = 0;
		};
/* End PBXSourcesBuildPhase section */

/* Begin PBXTargetDependency section */
		50C227FC1CFAAA5800E631E4 /* PBXTargetDependency */ = {
			isa = PBXTargetDependency;
			target = 50C227E51CFAAA5700E631E4 /* PruebaGit */;
			targetProxy = 50C227FB1CFAAA5800E631E4 /* PBXContainerItemProxy */;
		};
		50C228071CFAAA5800E631E4 /* PBXTargetDependency */ = {
			isa = PBXTargetDependency;
			target = 50C227E51CFAAA5700E631E4 /* PruebaGit */;
			targetProxy = 50C228061CFAAA5800E631E4 /* PBXContainerItemProxy */;
		};
/* End PBXTargetDependency section */

/* Begin PBXVariantGroup section */
		50C227ED1CFAAA5800E631E4 /* Main.storyboard */ = {
			isa = PBXVariantGroup;
			children = (
				50C227EE1CFAAA5800E631E4 /* Base */,
			);
			name = Main.storyboard;
			sourceTree = "<group>";
		};
		50C227F21CFAAA5800E631E4 /* LaunchScreen.storyboard */ = {
			isa = PBXVariantGroup;
			children = (
				50C227F31CFAAA5800E631E4 /* Base */,
			);
			name = LaunchScreen.storyboard;
			sourceTree = "<group>";
		};
/* End PBXVariantGroup section */

/* Begin XCBuildConfiguration section */
		50C2280C1CFAAA5800E631E4 /* Debug */ = {
			isa = XCBuildConfiguration;
			buildSettings = {
				ALWAYS_SEARCH_USER_PATHS = NO;
				CLANG_CXX_LANGUAGE_STANDARD = "gnu++0x";
				CLANG_CXX_LIBRARY = "libc++";
				CLANG_ENABLE_MODULES = YES;
				CLANG_ENABLE_OBJC_ARC = YES;
				CLANG_WARN_BOOL_CONVERSION = YES;
				CLANG_WARN_CONSTANT_CONVERSION = YES;
				CLANG_WARN_DIRECT_OBJC_ISA_USAGE = YES_ERROR;
				CLANG_WARN_EMPTY_BODY = YES;
				CLANG_WARN_ENUM_CONVERSION = YES;
				CLANG_WARN_INT_CONVERSION = YES;
				CLANG_WARN_OBJC_ROOT_CLASS = YES_ERROR;
				CLANG_WARN_UNREACHABLE_CODE = YES;
				CLANG_WARN__DUPLICATE_METHOD_MATCH = YES;
				"CODE_SIGN_IDENTITY[sdk=iphoneos*]" = "iPhone Developer";
				COPY_PHASE_STRIP = NO;
				DEBUG_INFORMATION_FORMAT = dwarf;
				ENABLE_STRICT_OBJC_MSGSEND = YES;
				ENABLE_TESTABILITY = YES;
				GCC_C_LANGUAGE_STANDARD = gnu99;
				GCC_DYNAMIC_NO_PIC = NO;
				GCC_NO_COMMON_BLOCKS = YES;
				GCC_OPTIMIZATION_LEVEL = 0;
				GCC_PREPROCESSOR_DEFINITIONS = (
					"DEBUG=1",
					"$(inherited)",
				);
				GCC_WARN_64_TO_32_BIT_CONVERSION = YES;
				GCC_WARN_ABOUT_RETURN_TYPE = YES_ERROR;
				GCC_WARN_UNDECLARED_SELECTOR = YES;
				GCC_WARN_UNINITIALIZED_AUTOS = YES_AGGRESSIVE;
				GCC_WARN_UNUSED_FUNCTION = YES;
				GCC_WARN_UNUSED_VARIABLE = YES;
				IPHONEOS_DEPLOYMENT_TARGET = 9.2;
				MTL_ENABLE_DEBUG_INFO = YES;
				ONLY_ACTIVE_ARCH = YES;
				SDKROOT = iphoneos;
				SWIFT_OPTIMIZATION_LEVEL = "-Onone";
				TARGETED_DEVICE_FAMILY = "1,2";
			};
			name = Debug;
		};
		50C2280D1CFAAA5800E631E4 /* Release */ = {
			isa = XCBuildConfiguration;
			buildSettings = {
				ALWAYS_SEARCH_USER_PATHS = NO;
				CLANG_CXX_LANGUAGE_STANDARD = "gnu++0x";
				CLANG_CXX_LIBRARY = "libc++";
				CLANG_ENABLE_MODULES = YES;
				CLANG_ENABLE_OBJC_ARC = YES;
				CLANG_WARN_BOOL_CONVERSION = YES;
				CLANG_WARN_CONSTANT_CONVERSION = YES;
				CLANG_WARN_DIRECT_OBJC_ISA_USAGE = YES_ERROR;
				CLANG_WARN_EMPTY_BODY = YES;
				CLANG_WARN_ENUM_CONVERSION = YES;
				CLANG_WARN_INT_CONVERSION = YES;
				CLANG_WARN_OBJC_ROOT_CLASS = YES_ERROR;
				CLANG_WARN_UNREACHABLE_CODE = YES;
				CLANG_WARN__DUPLICATE_METHOD_MATCH = YES;
				"CODE_SIGN_IDENTITY[sdk=iphoneos*]" = "iPhone Developer";
				COPY_PHASE_STRIP = NO;
				DEBUG_INFORMATION_FORMAT = "dwarf-with-dsym";
				ENABLE_NS_ASSERTIONS = NO;
				ENABLE_STRICT_OBJC_MSGSEND = YES;
				GCC_C_LANGUAGE_STANDARD = gnu99;
				GCC_NO_COMMON_BLOCKS = YES;
				GCC_WARN_64_TO_32_BIT_CONVERSION = YES;
				GCC_WARN_ABOUT_RETURN_TYPE = YES_ERROR;
				GCC_WARN_UNDECLARED_SELECTOR = YES;
				GCC_WARN_UNINITIALIZED_AUTOS = YES_AGGRESSIVE;
				GCC_WARN_UNUSED_FUNCTION = YES;
				GCC_WARN_UNUSED_VARIABLE = YES;
				IPHONEOS_DEPLOYMENT_TARGET = 9.2;
				MTL_ENABLE_DEBUG_INFO = NO;
				SDKROOT = iphoneos;
				TARGETED_DEVICE_FAMILY = "1,2";
				VALIDATE_PRODUCT = YES;
			};
			name = Release;
		};
		50C2280F1CFAAA5800E631E4 /* Debug */ = {
			isa = XCBuildConfiguration;
			buildSettings = {
				ASSETCATALOG_COMPILER_APPICON_NAME = AppIcon;
				INFOPLIST_FILE = PruebaGit/Info.plist;
				LD_RUNPATH_SEARCH_PATHS = "$(inherited) @executable_path/Frameworks";
				PRODUCT_BUNDLE_IDENTIFIER = adm.PruebaGit;
				PRODUCT_NAME = "$(TARGET_NAME)";
			};
			name = Debug;
		};
		50C228101CFAAA5800E631E4 /* Release */ = {
			isa = XCBuildConfiguration;
			buildSettings = {
				ASSETCATALOG_COMPILER_APPICON_NAME = AppIcon;
				INFOPLIST_FILE = PruebaGit/Info.plist;
				LD_RUNPATH_SEARCH_PATHS = "$(inherited) @executable_path/Frameworks";
				PRODUCT_BUNDLE_IDENTIFIER = adm.PruebaGit;
				PRODUCT_NAME = "$(TARGET_NAME)";
			};
			name = Release;
		};
		50C228121CFAAA5800E631E4 /* Debug */ = {
			isa = XCBuildConfiguration;
			buildSettings = {
				BUNDLE_LOADER = "$(TEST_HOST)";
				INFOPLIST_FILE = PruebaGitTests/Info.plist;
				LD_RUNPATH_SEARCH_PATHS = "$(inherited) @executable_path/Frameworks @loader_path/Frameworks";
				PRODUCT_BUNDLE_IDENTIFIER = adm.PruebaGitTests;
				PRODUCT_NAME = "$(TARGET_NAME)";
				TEST_HOST = "$(BUILT_PRODUCTS_DIR)/PruebaGit.app/PruebaGit";
			};
			name = Debug;
		};
		50C228131CFAAA5800E631E4 /* Release */ = {
			isa = XCBuildConfiguration;
			buildSettings = {
				BUNDLE_LOADER = "$(TEST_HOST)";
				INFOPLIST_FILE = PruebaGitTests/Info.plist;
				LD_RUNPATH_SEARCH_PATHS = "$(inherited) @executable_path/Frameworks @loader_path/Frameworks";
				PRODUCT_BUNDLE_IDENTIFIER = adm.PruebaGitTests;
				PRODUCT_NAME = "$(TARGET_NAME)";
				TEST_HOST = "$(BUILT_PRODUCTS_DIR)/PruebaGit.app/PruebaGit";
			};
			name = Release;
		};
		50C228151CFAAA5800E631E4 /* Debug */ = {
			isa = XCBuildConfiguration;
			buildSettings = {
				INFOPLIST_FILE = PruebaGitUITests/Info.plist;
				LD_RUNPATH_SEARCH_PATHS = "$(inherited) @executable_path/Frameworks @loader_path/Frameworks";
				PRODUCT_BUNDLE_IDENTIFIER = adm.PruebaGitUITests;
				PRODUCT_NAME = "$(TARGET_NAME)";
				TEST_TARGET_NAME = PruebaGit;
				USES_XCTRUNNER = YES;
			};
			name = Debug;
		};
		50C228161CFAAA5800E631E4 /* Release */ = {
			isa = XCBuildConfiguration;
			buildSettings = {
				INFOPLIST_FILE = PruebaGitUITests/Info.plist;
				LD_RUNPATH_SEARCH_PATHS = "$(inherited) @executable_path/Frameworks @loader_path/Frameworks";
				PRODUCT_BUNDLE_IDENTIFIER = adm.PruebaGitUITests;
				PRODUCT_NAME = "$(TARGET_NAME)";
				TEST_TARGET_NAME = PruebaGit;
				USES_XCTRUNNER = YES;
			};
			name = Release;
		};
/* End XCBuildConfiguration section */

/* Begin XCConfigurationList section */
		50C227E11CFAAA5700E631E4 /* Build configuration list for PBXProject "PruebaGit" */ = {
			isa = XCConfigurationList;
			buildConfigurations = (
				50C2280C1CFAAA5800E631E4 /* Debug */,
				50C2280D1CFAAA5800E631E4 /* Release */,
			);
			defaultConfigurationIsVisible = 0;
			defaultConfigurationName = Release;
		};
		50C2280E1CFAAA5800E631E4 /* Build configuration list for PBXNativeTarget "PruebaGit" */ = {
			isa = XCConfigurationList;
			buildConfigurations = (
				50C2280F1CFAAA5800E631E4 /* Debug */,
				50C228101CFAAA5800E631E4 /* Release */,
			);
			defaultConfigurationIsVisible = 0;
		};
		50C228111CFAAA5800E631E4 /* Build configuration list for PBXNativeTarget "PruebaGitTests" */ = {
			isa = XCConfigurationList;
			buildConfigurations = (
				50C228121CFAAA5800E631E4 /* Debug */,
				50C228131CFAAA5800E631E4 /* Release */,
			);
			defaultConfigurationIsVisible = 0;
		};
		50C228141CFAAA5800E631E4 /* Build configuration list for PBXNativeTarget "PruebaGitUITests" */ = {
			isa = XCConfigurationList;
			buildConfigurations = (
				50C228151CFAAA5800E631E4 /* Debug */,
				50C228161CFAAA5800E631E4 /* Release */,
			);
			defaultConfigurationIsVisible = 0;
		};
/* End XCConfigurationList section */
	};
	rootObject = 50C227DE1CFAAA5700E631E4 /* Project object */;
}
